
Microsoft Visual Studio Solution File, Format Version 12.00
# Visual Studio Version 17
VisualStudioVersion = 17.11.35312.102
MinimumVisualStudioVersion = 10.0.40219.1
Project("{FAE04EC0-301F-11D3-BF4B-00C04F79EFBC}") = "Lab3", "Lab3.csproj", "{AAA38784-C8D1-4FF2-AD9A-CBDCA47B0327}"
EndProject
Global
	GlobalSection(SolutionConfigurationPlatforms) = preSolution
		Debug|Any CPU = Debug|Any CPU
		Release|Any CPU = Release|Any CPU
	EndGlobalSection
	GlobalSection(ProjectConfigurationPlatforms) = postSolution
		{AAA38784-C8D1-4FF2-AD9A-CBDCA47B0327}.Debug|Any CPU.ActiveCfg = Debug|Any CPU
		{AAA38784-C8D1-4FF2-AD9A-CBDCA47B0327}.Debug|Any CPU.Build.0 = Debug|Any CPU
		{AAA38784-C8D1-4FF2-AD9A-CBDCA47B0327}.Release|Any CPU.ActiveCfg = Release|Any CPU
		{AAA38784-C8D1-4FF2-AD9A-CBDCA47B0327}.Release|Any CPU.Build.0 = Release|Any CPU
	EndGlobalSection
	GlobalSection(SolutionProperties) = preSolution
		HideSolutionNode = FALSE
	EndGlobalSection
	GlobalSection(ExtensibilityGlobals) = postSolution
		SolutionGuid = {0E645EE2-78E8-4E83-83FD-A37727040562}
	EndGlobalSection
EndGlobal
